// !$*UTF8*$!
{
	archiveVersion = 1;
	classes = {
	};
	objectVersion = 50;
	objects = {

/* Begin PBXBuildFile section */
		56EEDF3221DB3D240051FC79 /* AppDelegate.swift in Sources */ = {isa = PBXBuildFile; fileRef = 56EEDF3121DB3D240051FC79 /* AppDelegate.swift */; };
		56EEDF3421DB3D240051FC79 /* HomeViewController.swift in Sources */ = {isa = PBXBuildFile; fileRef = 56EEDF3321DB3D240051FC79 /* HomeViewController.swift */; };
		56EEDF3721DB3D240051FC79 /* Main.storyboard in Resources */ = {isa = PBXBuildFile; fileRef = 56EEDF3521DB3D240051FC79 /* Main.storyboard */; };
		56EEDF3A21DB3D240051FC79 /* Will_It_Rain_Today.xcdatamodeld in Sources */ = {isa = PBXBuildFile; fileRef = 56EEDF3821DB3D240051FC79 /* Will_It_Rain_Today.xcdatamodeld */; };
		56EEDF3C21DB3D250051FC79 /* Assets.xcassets in Resources */ = {isa = PBXBuildFile; fileRef = 56EEDF3B21DB3D250051FC79 /* Assets.xcassets */; };
		56EEDF3F21DB3D250051FC79 /* LaunchScreen.storyboard in Resources */ = {isa = PBXBuildFile; fileRef = 56EEDF3D21DB3D250051FC79 /* LaunchScreen.storyboard */; };
		56EEDF4721DB54A80051FC79 /* SettingsViewController.swift in Sources */ = {isa = PBXBuildFile; fileRef = 56EEDF4621DB54A80051FC79 /* SettingsViewController.swift */; };
		56EEDF4B21DB55560051FC79 /* LocationViewController.swift in Sources */ = {isa = PBXBuildFile; fileRef = 56EEDF4A21DB55560051FC79 /* LocationViewController.swift */; };
		56EEDF4D21DB559F0051FC79 /* AlarmViewController.swift in Sources */ = {isa = PBXBuildFile; fileRef = 56EEDF4C21DB559F0051FC79 /* AlarmViewController.swift */; };
/* End PBXBuildFile section */

/* Begin PBXFileReference section */
		56EEDF2E21DB3D240051FC79 /* Will It Rain Today.app */ = {isa = PBXFileReference; explicitFileType = wrapper.application; includeInIndex = 0; path = "Will It Rain Today.app"; sourceTree = BUILT_PRODUCTS_DIR; };
		56EEDF3121DB3D240051FC79 /* AppDelegate.swift */ = {isa = PBXFileReference; lastKnownFileType = sourcecode.swift; path = AppDelegate.swift; sourceTree = "<group>"; };
		56EEDF3321DB3D240051FC79 /* HomeViewController.swift */ = {isa = PBXFileReference; lastKnownFileType = sourcecode.swift; path = HomeViewController.swift; sourceTree = "<group>"; };
		56EEDF3621DB3D240051FC79 /* Base */ = {isa = PBXFileReference; lastKnownFileType = file.storyboard; name = Base; path = Base.lproj/Main.storyboard; sourceTree = "<group>"; };
		56EEDF3921DB3D240051FC79 /* Will_It_Rain_Today.xcdatamodel */ = {isa = PBXFileReference; lastKnownFileType = wrapper.xcdatamodel; path = Will_It_Rain_Today.xcdatamodel; sourceTree = "<group>"; };
		56EEDF3B21DB3D250051FC79 /* Assets.xcassets */ = {isa = PBXFileReference; lastKnownFileType = folder.assetcatalog; path = Assets.xcassets; sourceTree = "<group>"; };
		56EEDF3E21DB3D250051FC79 /* Base */ = {isa = PBXFileReference; lastKnownFileType = file.storyboard; name = Base; path = Base.lproj/LaunchScreen.storyboard; sourceTree = "<group>"; };
		56EEDF4021DB3D250051FC79 /* Info.plist */ = {isa = PBXFileReference; lastKnownFileType = text.plist.xml; path = Info.plist; sourceTree = "<group>"; };
		56EEDF4621DB54A80051FC79 /* SettingsViewController.swift */ = {isa = PBXFileReference; lastKnownFileType = sourcecode.swift; path = SettingsViewController.swift; sourceTree = "<group>"; };
		56EEDF4A21DB55560051FC79 /* LocationViewController.swift */ = {isa = PBXFileReference; lastKnownFileType = sourcecode.swift; path = LocationViewController.swift; sourceTree = "<group>"; };
		56EEDF4C21DB559F0051FC79 /* AlarmViewController.swift */ = {isa = PBXFileReference; lastKnownFileType = sourcecode.swift; path = AlarmViewController.swift; sourceTree = "<group>"; };
/* End PBXFileReference section */

/* Begin PBXFrameworksBuildPhase section */
		56EEDF2B21DB3D240051FC79 /* Frameworks */ = {
			isa = PBXFrameworksBuildPhase;
			buildActionMask = 2147483647;
			files = (
			);
			runOnlyForDeploymentPostprocessing = 0;
		};
/* End PBXFrameworksBuildPhase section */

/* Begin PBXGroup section */
		56EEDF2521DB3D240051FC79 = {
			isa = PBXGroup;
			children = (
				56EEDF3021DB3D240051FC79 /* Will It Rain Today */,
				56EEDF2F21DB3D240051FC79 /* Products */,
			);
			sourceTree = "<group>";
		};
		56EEDF2F21DB3D240051FC79 /* Products */ = {
			isa = PBXGroup;
			children = (
				56EEDF2E21DB3D240051FC79 /* Will It Rain Today.app */,
			);
			name = Products;
			sourceTree = "<group>";
		};
		56EEDF3021DB3D240051FC79 /* Will It Rain Today */ = {
			isa = PBXGroup;
			children = (
				56EEDF4921DB552D0051FC79 /* View Controllers */,
				56EEDF3121DB3D240051FC79 /* AppDelegate.swift */,
				56EEDF3521DB3D240051FC79 /* Main.storyboard */,
				56EEDF3B21DB3D250051FC79 /* Assets.xcassets */,
				56EEDF3D21DB3D250051FC79 /* LaunchScreen.storyboard */,
				56EEDF4021DB3D250051FC79 /* Info.plist */,
				56EEDF3821DB3D240051FC79 /* Will_It_Rain_Today.xcdatamodeld */,
			);
			path = "Will It Rain Today";
			sourceTree = "<group>";
		};
		56EEDF4921DB552D0051FC79 /* View Controllers */ = {
			isa = PBXGroup;
			children = (
				56EEDF3321DB3D240051FC79 /* HomeViewController.swift */,
				56EEDF4621DB54A80051FC79 /* SettingsViewController.swift */,
				56EEDF4A21DB55560051FC79 /* LocationViewController.swift */,
				56EEDF4C21DB559F0051FC79 /* AlarmViewController.swift */,
			);
			path = "View Controllers";
			sourceTree = "<group>";
		};
/* End PBXGroup section */

/* Begin PBXNativeTarget section */
		56EEDF2D21DB3D240051FC79 /* Will It Rain Today */ = {
			isa = PBXNativeTarget;
			buildConfigurationList = 56EEDF4321DB3D250051FC79 /* Build configuration list for PBXNativeTarget "Will It Rain Today" */;
			buildPhases = (
				56EEDF2A21DB3D240051FC79 /* Sources */,
				56EEDF2B21DB3D240051FC79 /* Frameworks */,
				56EEDF2C21DB3D240051FC79 /* Resources */,
			);
			buildRules = (
			);
			dependencies = (
			);
			name = "Will It Rain Today";
			productName = "Will It Rain Today";
			productReference = 56EEDF2E21DB3D240051FC79 /* Will It Rain Today.app */;
			productType = "com.apple.product-type.application";
		};
/* End PBXNativeTarget section */

/* Begin PBXProject section */
		56EEDF2621DB3D240051FC79 /* Project object */ = {
			isa = PBXProject;
			attributes = {
				LastSwiftUpdateCheck = 0940;
				LastUpgradeCheck = 0940;
				ORGANIZATIONNAME = Arizec;
				TargetAttributes = {
					56EEDF2D21DB3D240051FC79 = {
						CreatedOnToolsVersion = 9.4.1;
					};
				};
			};
			buildConfigurationList = 56EEDF2921DB3D240051FC79 /* Build configuration list for PBXProject "Will It Rain Today" */;
			compatibilityVersion = "Xcode 9.3";
			developmentRegion = en;
			hasScannedForEncodings = 0;
			knownRegions = (
				en,
				Base,
			);
			mainGroup = 56EEDF2521DB3D240051FC79;
			productRefGroup = 56EEDF2F21DB3D240051FC79 /* Products */;
			projectDirPath = "";
			projectRoot = "";
			targets = (
				56EEDF2D21DB3D240051FC79 /* Will It Rain Today */,
			);
		};
/* End PBXProject section */

/* Begin PBXResourcesBuildPhase section */
		56EEDF2C21DB3D240051FC79 /* Resources */ = {
			isa = PBXResourcesBuildPhase;
			buildActionMask = 2147483647;
			files = (
				56EEDF3F21DB3D250051FC79 /* LaunchScreen.storyboard in Resources */,
				56EEDF3C21DB3D250051FC79 /* Assets.xcassets in Resources */,
				56EEDF3721DB3D240051FC79 /* Main.storyboard in Resources */,
			);
			runOnlyForDeploymentPostprocessing = 0;
		};
/* End PBXResourcesBuildPhase section */

/* Begin PBXSourcesBuildPhase section */
		56EEDF2A21DB3D240051FC79 /* Sources */ = {
			isa = PBXSourcesBuildPhase;
			buildActionMask = 2147483647;
			files = (
				56EEDF4B21DB55560051FC79 /* LocationViewController.swift in Sources */,
				56EEDF3A21DB3D240051FC79 /* Will_It_Rain_Today.xcdatamodeld in Sources */,
				56EEDF4D21DB559F0051FC79 /* AlarmViewController.swift in Sources */,
				56EEDF3421DB3D240051FC79 /* HomeViewController.swift in Sources */,
				56EEDF3221DB3D240051FC79 /* AppDelegate.swift in Sources */,
				56EEDF4721DB54A80051FC79 /* SettingsViewController.swift in Sources */,
			);
			runOnlyForDeploymentPostprocessing = 0;
		};
/* End PBXSourcesBuildPhase section */

/* Begin PBXVariantGroup section */
		56EEDF3521DB3D240051FC79 /* Main.storyboard */ = {
			isa = PBXVariantGroup;
			children = (
				56EEDF3621DB3D240051FC79 /* Base */,
			);
			name = Main.storyboard;
			sourceTree = "<group>";
		};
		56EEDF3D21DB3D250051FC79 /* LaunchScreen.storyboard */ = {
			isa = PBXVariantGroup;
			children = (
				56EEDF3E21DB3D250051FC79 /* Base */,
			);
			name = LaunchScreen.storyboard;
			sourceTree = "<group>";
		};
/* End PBXVariantGroup section */

/* Begin XCBuildConfiguration section */
		56EEDF4121DB3D250051FC79 /* Debug */ = {
			isa = XCBuildConfiguration;
			buildSettings = {
				ALWAYS_SEARCH_USER_PATHS = NO;
				CLANG_ANALYZER_NONNULL = YES;
				CLANG_ANALYZER_NUMBER_OBJECT_CONVERSION = YES_AGGRESSIVE;
				CLANG_CXX_LANGUAGE_STANDARD = "gnu++14";
				CLANG_CXX_LIBRARY = "libc++";
				CLANG_ENABLE_MODULES = YES;
				CLANG_ENABLE_OBJC_ARC = YES;
				CLANG_ENABLE_OBJC_WEAK = YES;
				CLANG_WARN_BLOCK_CAPTURE_AUTORELEASING = YES;
				CLANG_WARN_BOOL_CONVERSION = YES;
				CLANG_WARN_COMMA = YES;
				CLANG_WARN_CONSTANT_CONVERSION = YES;
				CLANG_WARN_DEPRECATED_OBJC_IMPLEMENTATIONS = YES;
				CLANG_WARN_DIRECT_OBJC_ISA_USAGE = YES_ERROR;
				CLANG_WARN_DOCUMENTATION_COMMENTS = YES;
				CLANG_WARN_EMPTY_BODY = YES;
				CLANG_WARN_ENUM_CONVERSION = YES;
				CLANG_WARN_INFINITE_RECURSION = YES;
				CLANG_WARN_INT_CONVERSION = YES;
				CLANG_WARN_NON_LITERAL_NULL_CONVERSION = YES;
				CLANG_WARN_OBJC_IMPLICIT_RETAIN_SELF = YES;
				CLANG_WARN_OBJC_LITERAL_CONVERSION = YES;
				CLANG_WARN_OBJC_ROOT_CLASS = YES_ERROR;
				CLANG_WARN_RANGE_LOOP_ANALYSIS = YES;
				CLANG_WARN_STRICT_PROTOTYPES = YES;
				CLANG_WARN_SUSPICIOUS_MOVE = YES;
				CLANG_WARN_UNGUARDED_AVAILABILITY = YES_AGGRESSIVE;
				CLANG_WARN_UNREACHABLE_CODE = YES;
				CLANG_WARN__DUPLICATE_METHOD_MATCH = YES;
				CODE_SIGN_IDENTITY = "iPhone Developer";
				COPY_PHASE_STRIP = NO;
				DEBUG_INFORMATION_FORMAT = dwarf;
				ENABLE_STRICT_OBJC_MSGSEND = YES;
				ENABLE_TESTABILITY = YES;
				GCC_C_LANGUAGE_STANDARD = gnu11;
				GCC_DYNAMIC_NO_PIC = NO;
				GCC_NO_COMMON_BLOCKS = YES;
				GCC_OPTIMIZATION_LEVEL = 0;
				GCC_PREPROCESSOR_DEFINITIONS = (
					"DEBUG=1",
					"$(inherited)",
				);
				GCC_WARN_64_TO_32_BIT_CONVERSION = YES;
				GCC_WARN_ABOUT_RETURN_TYPE = YES_ERROR;
				GCC_WARN_UNDECLARED_SELECTOR = YES;
				GCC_WARN_UNINITIALIZED_AUTOS = YES_AGGRESSIVE;
				GCC_WARN_UNUSED_FUNCTION = YES;
				GCC_WARN_UNUSED_VARIABLE = YES;
				IPHONEOS_DEPLOYMENT_TARGET = 11.4;
				MTL_ENABLE_DEBUG_INFO = YES;
				ONLY_ACTIVE_ARCH = YES;
				SDKROOT = iphoneos;
				SWIFT_ACTIVE_COMPILATION_CONDITIONS = DEBUG;
				SWIFT_OPTIMIZATION_LEVEL = "-Onone";
			};
			name = Debug;
		};
		56EEDF4221DB3D250051FC79 /* Release */ = {
			isa = XCBuildConfiguration;
			buildSettings = {
				ALWAYS_SEARCH_USER_PATHS = NO;
				CLANG_ANALYZER_NONNULL = YES;
				CLANG_ANALYZER_NUMBER_OBJECT_CONVERSION = YES_AGGRESSIVE;
				CLANG_CXX_LANGUAGE_STANDARD = "gnu++14";
				CLANG_CXX_LIBRARY = "libc++";
				CLANG_ENABLE_MODULES = YES;
				CLANG_ENABLE_OBJC_ARC = YES;
				CLANG_ENABLE_OBJC_WEAK = YES;
				CLANG_WARN_BLOCK_CAPTURE_AUTORELEASING = YES;
				CLANG_WARN_BOOL_CONVERSION = YES;
				CLANG_WARN_COMMA = YES;
				CLANG_WARN_CONSTANT_CONVERSION = YES;
				CLANG_WARN_DEPRECATED_OBJC_IMPLEMENTATIONS = YES;
				CLANG_WARN_DIRECT_OBJC_ISA_USAGE = YES_ERROR;
				CLANG_WARN_DOCUMENTATION_COMMENTS = YES;
				CLANG_WARN_EMPTY_BODY = YES;
				CLANG_WARN_ENUM_CONVERSION = YES;
				CLANG_WARN_INFINITE_RECURSION = YES;
				CLANG_WARN_INT_CONVERSION = YES;
				CLANG_WARN_NON_LITERAL_NULL_CONVERSION = YES;
				CLANG_WARN_OBJC_IMPLICIT_RETAIN_SELF = YES;
				CLANG_WARN_OBJC_LITERAL_CONVERSION = YES;
				CLANG_WARN_OBJC_ROOT_CLASS = YES_ERROR;
				CLANG_WARN_RANGE_LOOP_ANALYSIS = YES;
				CLANG_WARN_STRICT_PROTOTYPES = YES;
				CLANG_WARN_SUSPICIOUS_MOVE = YES;
				CLANG_WARN_UNGUARDED_AVAILABILITY = YES_AGGRESSIVE;
				CLANG_WARN_UNREACHABLE_CODE = YES;
				CLANG_WARN__DUPLICATE_METHOD_MATCH = YES;
				CODE_SIGN_IDENTITY = "iPhone Developer";
				COPY_PHASE_STRIP = NO;
				DEBUG_INFORMATION_FORMAT = "dwarf-with-dsym";
				ENABLE_NS_ASSERTIONS = NO;
				ENABLE_STRICT_OBJC_MSGSEND = YES;
				GCC_C_LANGUAGE_STANDARD = gnu11;
				GCC_NO_COMMON_BLOCKS = YES;
				GCC_WARN_64_TO_32_BIT_CONVERSION = YES;
				GCC_WARN_ABOUT_RETURN_TYPE = YES_ERROR;
				GCC_WARN_UNDECLARED_SELECTOR = YES;
				GCC_WARN_UNINITIALIZED_AUTOS = YES_AGGRESSIVE;
				GCC_WARN_UNUSED_FUNCTION = YES;
				GCC_WARN_UNUSED_VARIABLE = YES;
				IPHONEOS_DEPLOYMENT_TARGET = 11.4;
				MTL_ENABLE_DEBUG_INFO = NO;
				SDKROOT = iphoneos;
				SWIFT_COMPILATION_MODE = wholemodule;
				SWIFT_OPTIMIZATION_LEVEL = "-O";
				VALIDATE_PRODUCT = YES;
			};
			name = Release;
		};
		56EEDF4421DB3D250051FC79 /* Debug */ = {
			isa = XCBuildConfiguration;
			buildSettings = {
				ASSETCATALOG_COMPILER_APPICON_NAME = AppIcon;
				CODE_SIGN_STYLE = Automatic;
				DEVELOPMENT_TEAM = U9R3ZH5KD8;
				INFOPLIST_FILE = "Will It Rain Today/Info.plist";
				LD_RUNPATH_SEARCH_PATHS = (
					"$(inherited)",
					"@executable_path/Frameworks",
				);
				PRODUCT_BUNDLE_IDENTIFIER = "Arizec.Will-It-Rain-Today";
				PRODUCT_NAME = "$(TARGET_NAME)";
				SWIFT_VERSION = 4.0;
				TARGETED_DEVICE_FAMILY = "1,2";
			};
			name = Debug;
		};
		56EEDF4521DB3D250051FC79 /* Release */ = {
			isa = XCBuildConfiguration;
			buildSettings = {
				ASSETCATALOG_COMPILER_APPICON_NAME = AppIcon;
				CODE_SIGN_STYLE = Automatic;
				DEVELOPMENT_TEAM = U9R3ZH5KD8;
				INFOPLIST_FILE = "Will It Rain Today/Info.plist";
				LD_RUNPATH_SEARCH_PATHS = (
					"$(inherited)",
					"@executable_path/Frameworks",
				);
				PRODUCT_BUNDLE_IDENTIFIER = "Arizec.Will-It-Rain-Today";
				PRODUCT_NAME = "$(TARGET_NAME)";
				SWIFT_VERSION = 4.0;
				TARGETED_DEVICE_FAMILY = "1,2";
			};
			name = Release;
		};
/* End XCBuildConfiguration section */

/* Begin XCConfigurationList section */
		56EEDF2921DB3D240051FC79 /* Build configuration list for PBXProject "Will It Rain Today" */ = {
			isa = XCConfigurationList;
			buildConfigurations = (
				56EEDF4121DB3D250051FC79 /* Debug */,
				56EEDF4221DB3D250051FC79 /* Release */,
			);
			defaultConfigurationIsVisible = 0;
			defaultConfigurationName = Release;
		};
		56EEDF4321DB3D250051FC79 /* Build configuration list for PBXNativeTarget "Will It Rain Today" */ = {
			isa = XCConfigurationList;
			buildConfigurations = (
				56EEDF4421DB3D250051FC79 /* Debug */,
				56EEDF4521DB3D250051FC79 /* Release */,
			);
			defaultConfigurationIsVisible = 0;
			defaultConfigurationName = Release;
		};
/* End XCConfigurationList section */

/* Begin XCVersionGroup section */
		56EEDF3821DB3D240051FC79 /* Will_It_Rain_Today.xcdatamodeld */ = {
			isa = XCVersionGroup;
			children = (
				56EEDF3921DB3D240051FC79 /* Will_It_Rain_Today.xcdatamodel */,
			);
			currentVersion = 56EEDF3921DB3D240051FC79 /* Will_It_Rain_Today.xcdatamodel */;
			path = Will_It_Rain_Today.xcdatamodeld;
			sourceTree = "<group>";
			versionGroupType = wrapper.xcdatamodel;
		};
/* End XCVersionGroup section */
	};
	rootObject = 56EEDF2621DB3D240051FC79 /* Project object */;
}
